
Microsoft Visual Studio Solution File, Format Version 12.00
# Visual Studio Version 17
VisualStudioVersion = 17.10.34928.147
MinimumVisualStudioVersion = 10.0.40219.1
Project("{8BC9CEB8-8B4A-11D0-8D11-00A0C91BC942}") = "Project1", "Project1\Project1.vcxproj", "{A0FB606D-58C5-4041-9281-C29F77D30990}"
EndProject
Global
	GlobalSection(SolutionConfigurationPlatforms) = preSolution
		
	EndGlobalSection
	GlobalSection(ProjectConfigurationPlatforms) = postSolution
		{A0FB606D-58C5-4041-9281-C29F77D30990}.Debug|x64.ActiveCfg = Debug|x64
		{A0FB606D-58C5-4041-9281-C29F77D30990}.Debug|x64.Build.0 = Debug|x64
		{A0FB606D-58C5-4041-9281-C29F77D30990}.Debug|x86.ActiveCfg = Debug|Win32
		{A0FB606D-58C5-4041-9281-C29F77D30990}.Debug|x86.Build.0 = Debug|Win32
		{A0FB606D-58C5-4041-9281-C29F77D30990}.Release|x64.ActiveCfg = Release|x64
		{A0FB606D-58C5-4041-9281-C29F77D30990}.Release|x64.Build.0 = Release|x64
		{A0FB606D-58C5-4041-9281-C29F77D30990}.Release|x86.ActiveCfg = Release|Win32
		{A0FB606D-58C5-4041-9281-C29F77D30990}.Release|x86.Build.0 = Release|Win32
	EndGlobalSection
	GlobalSection(SolutionProperties) = preSolution
		HideSolutionNode = FALSE
	EndGlobalSection
	GlobalSection(ExtensibilityGlobals) = postSolution
		SolutionGuid = {BE01E299-87AF-4757-9419-E27BFFE478CB}
	EndGlobalSection
EndGlobal
